
Microsoft Visual Studio Solution File, Format Version 12.00
# Visual Studio Version 16
VisualStudioVersion = 16.0.29806.167
MinimumVisualStudioVersion = 10.0.40219.1
Project("{FAE04EC0-301F-11D3-BF4B-00C04F79EFBC}") = "CSharp Class 9", "CSharp Class 9\CSharp Class 9.csproj", "{97E38466-A52A-4EF3-A7C8-8BAEF9F1AD9E}"
EndProject
Global
	GlobalSection(SolutionConfigurationPlatforms) = preSolution
		Debug|Any CPU = Debug|Any CPU
		Release|Any CPU = Release|Any CPU
	EndGlobalSection
	GlobalSection(ProjectConfigurationPlatforms) = postSolution
		{97E38466-A52A-4EF3-A7C8-8BAEF9F1AD9E}.Debug|Any CPU.ActiveCfg = Debug|Any CPU
		{97E38466-A52A-4EF3-A7C8-8BAEF9F1AD9E}.Debug|Any CPU.Build.0 = Debug|Any CPU
		{97E38466-A52A-4EF3-A7C8-8BAEF9F1AD9E}.Release|Any CPU.ActiveCfg = Release|Any CPU
		{97E38466-A52A-4EF3-A7C8-8BAEF9F1AD9E}.Release|Any CPU.Build.0 = Release|Any CPU
	EndGlobalSection
	GlobalSection(SolutionProperties) = preSolution
		HideSolutionNode = FALSE
	EndGlobalSection
	GlobalSection(ExtensibilityGlobals) = postSolution
		SolutionGuid = {53D96C8C-F860-4172-9EEF-C71D94D55B12}
	EndGlobalSection
EndGlobal
